
Microsoft Visual Studio Solution File, Format Version 12.00
# Visual Studio 2012
Project("{8BC9CEB8-8B4A-11D0-8D11-00A0C91BC942}") = "继承与派生1", "继承与派生1\继承与派生1.vcxproj", "{FBCEC412-89DC-4770-84F7-96F841166F70}"
EndProject
Global
	GlobalSection(SolutionConfigurationPlatforms) = preSolution
		Debug|Win32 = Debug|Win32
		Release|Win32 = Release|Win32
	EndGlobalSection
	GlobalSection(ProjectConfigurationPlatforms) = postSolution
		{FBCEC412-89DC-4770-84F7-96F841166F70}.Debug|Win32.ActiveCfg = Debug|Win32
		{FBCEC412-89DC-4770-84F7-96F841166F70}.Debug|Win32.Build.0 = Debug|Win32
		{FBCEC412-89DC-4770-84F7-96F841166F70}.Release|Win32.ActiveCfg = Release|Win32
		{FBCEC412-89DC-4770-84F7-96F841166F70}.Release|Win32.Build.0 = Release|Win32
	EndGlobalSection
	GlobalSection(SolutionProperties) = preSolution
		HideSolutionNode = FALSE
	EndGlobalSection
EndGlobal
